
Microsoft Visual Studio Solution File, Format Version 12.00
# Visual Studio Version 16
VisualStudioVersion = 16.0.30611.23
MinimumVisualStudioVersion = 10.0.40219.1
Project("{FAE04EC0-301F-11D3-BF4B-00C04F79EFBC}") = "Specification-pattern", "Specification-pattern\Specification-pattern.csproj", "{0C7C23CB-DC51-4474-B660-11859124665B}"
EndProject
Global
	GlobalSection(SolutionConfigurationPlatforms) = preSolution
		Debug|Any CPU = Debug|Any CPU
		Release|Any CPU = Release|Any CPU
	EndGlobalSection
	GlobalSection(ProjectConfigurationPlatforms) = postSolution
		{0C7C23CB-DC51-4474-B660-11859124665B}.Debug|Any CPU.ActiveCfg = Debug|Any CPU
		{0C7C23CB-DC51-4474-B660-11859124665B}.Debug|Any CPU.Build.0 = Debug|Any CPU
		{0C7C23CB-DC51-4474-B660-11859124665B}.Release|Any CPU.ActiveCfg = Release|Any CPU
		{0C7C23CB-DC51-4474-B660-11859124665B}.Release|Any CPU.Build.0 = Release|Any CPU
	EndGlobalSection
	GlobalSection(SolutionProperties) = preSolution
		HideSolutionNode = FALSE
	EndGlobalSection
	GlobalSection(ExtensibilityGlobals) = postSolution
		SolutionGuid = {6FB71C99-45CC-4293-A86D-DA77DD71812F}
	EndGlobalSection
EndGlobal
